
Microsoft Visual Studio Solution File, Format Version 12.00
# Visual Studio Version 16
VisualStudioVersion = 16.0.30717.126
MinimumVisualStudioVersion = 10.0.40219.1
Project("{FAE04EC0-301F-11D3-BF4B-00C04F79EFBC}") = "TodoApp", "TodoApp\TodoApp.csproj", "{67D07D79-0DAE-4CBE-83ED-10F263F470FC}"
EndProject
Global
	GlobalSection(SolutionConfigurationPlatforms) = preSolution
		Debug|Any CPU = Debug|Any CPU
		Release|Any CPU = Release|Any CPU
	EndGlobalSection
	GlobalSection(ProjectConfigurationPlatforms) = postSolution
		{67D07D79-0DAE-4CBE-83ED-10F263F470FC}.Debug|Any CPU.ActiveCfg = Debug|Any CPU
		{67D07D79-0DAE-4CBE-83ED-10F263F470FC}.Debug|Any CPU.Build.0 = Debug|Any CPU
		{67D07D79-0DAE-4CBE-83ED-10F263F470FC}.Release|Any CPU.ActiveCfg = Release|Any CPU
		{67D07D79-0DAE-4CBE-83ED-10F263F470FC}.Release|Any CPU.Build.0 = Release|Any CPU
	EndGlobalSection
	GlobalSection(SolutionProperties) = preSolution
		HideSolutionNode = FALSE
	EndGlobalSection
	GlobalSection(ExtensibilityGlobals) = postSolution
		SolutionGuid = {5786E303-CC3C-4E6B-AC06-D87754B9277D}
	EndGlobalSection
EndGlobal
